
Microsoft Visual Studio Solution File, Format Version 12.00
# Visual Studio 15
VisualStudioVersion = 15.0.27428.2015
MinimumVisualStudioVersion = 10.0.40219.1
Project("{9A19103F-16F7-4668-BE54-9A1E7A4F7556}") = "Edwin.Infrastructure.Reflection", "Edwin.Infrastructure.Reflection\Edwin.Infrastructure.Reflection.csproj", "{33424BDF-2444-446C-B414-A8A0C21D226C}"
EndProject
Project("{9A19103F-16F7-4668-BE54-9A1E7A4F7556}") = "Edwin.Infrastructure.Core", "Edwin.Infrastructure.Core\Edwin.Infrastructure.Core.csproj", "{A59010EF-8C3E-4D3D-8DC9-4F9795C1302D}"
EndProject
Project("{9A19103F-16F7-4668-BE54-9A1E7A4F7556}") = "Edwin.Infrastructure.Query", "Edwin.Infrastructure.Query\Edwin.Infrastructure.Query.csproj", "{5C49D37C-3963-4850-97E8-C7860908D58A}"
EndProject
Project("{9A19103F-16F7-4668-BE54-9A1E7A4F7556}") = "Edwin.Infrastructure.AutoMapper", "Edwin.Infrastructure.AutoMapper\Edwin.Infrastructure.AutoMapper.csproj", "{CEED49F7-E107-40CE-90F9-749FAB949DFC}"
EndProject
Project("{2150E333-8FDC-42A3-9474-1A3956D46DE8}") = "Edwin.Infrastructure", "Edwin.Infrastructure", "{BE0906B8-7A22-4561-977D-137F5EF3A999}"
EndProject
Project("{9A19103F-16F7-4668-BE54-9A1E7A4F7556}") = "Edwin.Infrastructure.Domain", "Edwin.Infrastructure.Domain\Edwin.Infrastructure.Domain.csproj", "{094DC6C7-75E0-4A09-9DE5-E17D3EECED6B}"
EndProject
Project("{9A19103F-16F7-4668-BE54-9A1E7A4F7556}") = "Edwin.Infrastructure.EntityFramework", "Edwin.Infrastructure.EntityFramework\Edwin.Infrastructure.EntityFramework.csproj", "{B2D5B368-1342-44B2-868D-AB7497DD118C}"
EndProject
Project("{9A19103F-16F7-4668-BE54-9A1E7A4F7556}") = "Edwin.Infrastructure.Http", "Edwin.Infrastructure.Http\Edwin.Infrastructure.Http.csproj", "{060AD104-0B17-4C82-9EBF-B143DD9DE25A}"
EndProject
Project("{2150E333-8FDC-42A3-9474-1A3956D46DE8}") = "Edwin.Services", "Edwin.Services", "{78689760-DA2E-4B58-82EE-CBA84A7FA2B0}"
EndProject
Project("{FAE04EC0-301F-11D3-BF4B-00C04F79EFBC}") = "Edwin.TestApi", "Edwin.TestApi\Edwin.TestApi.csproj", "{08512761-2B95-4CF5-8514-BB04162703EC}"
EndProject
Global
	GlobalSection(SolutionConfigurationPlatforms) = preSolution
		Debug|Any CPU = Debug|Any CPU
		Release|Any CPU = Release|Any CPU
	EndGlobalSection
	GlobalSection(ProjectConfigurationPlatforms) = postSolution
		{33424BDF-2444-446C-B414-A8A0C21D226C}.Debug|Any CPU.ActiveCfg = Debug|Any CPU
		{33424BDF-2444-446C-B414-A8A0C21D226C}.Debug|Any CPU.Build.0 = Debug|Any CPU
		{33424BDF-2444-446C-B414-A8A0C21D226C}.Release|Any CPU.ActiveCfg = Release|Any CPU
		{33424BDF-2444-446C-B414-A8A0C21D226C}.Release|Any CPU.Build.0 = Release|Any CPU
		{A59010EF-8C3E-4D3D-8DC9-4F9795C1302D}.Debug|Any CPU.ActiveCfg = Debug|Any CPU
		{A59010EF-8C3E-4D3D-8DC9-4F9795C1302D}.Debug|Any CPU.Build.0 = Debug|Any CPU
		{A59010EF-8C3E-4D3D-8DC9-4F9795C1302D}.Release|Any CPU.ActiveCfg = Release|Any CPU
		{A59010EF-8C3E-4D3D-8DC9-4F9795C1302D}.Release|Any CPU.Build.0 = Release|Any CPU
		{5C49D37C-3963-4850-97E8-C7860908D58A}.Debug|Any CPU.ActiveCfg = Debug|Any CPU
		{5C49D37C-3963-4850-97E8-C7860908D58A}.Debug|Any CPU.Build.0 = Debug|Any CPU
		{5C49D37C-3963-4850-97E8-C7860908D58A}.Release|Any CPU.ActiveCfg = Release|Any CPU
		{5C49D37C-3963-4850-97E8-C7860908D58A}.Release|Any CPU.Build.0 = Release|Any CPU
		{CEED49F7-E107-40CE-90F9-749FAB949DFC}.Debug|Any CPU.ActiveCfg = Debug|Any CPU
		{CEED49F7-E107-40CE-90F9-749FAB949DFC}.Debug|Any CPU.Build.0 = Debug|Any CPU
		{CEED49F7-E107-40CE-90F9-749FAB949DFC}.Release|Any CPU.ActiveCfg = Release|Any CPU
		{CEED49F7-E107-40CE-90F9-749FAB949DFC}.Release|Any CPU.Build.0 = Release|Any CPU
		{094DC6C7-75E0-4A09-9DE5-E17D3EECED6B}.Debug|Any CPU.ActiveCfg = Debug|Any CPU
		{094DC6C7-75E0-4A09-9DE5-E17D3EECED6B}.Debug|Any CPU.Build.0 = Debug|Any CPU
		{094DC6C7-75E0-4A09-9DE5-E17D3EECED6B}.Release|Any CPU.ActiveCfg = Release|Any CPU
		{094DC6C7-75E0-4A09-9DE5-E17D3EECED6B}.Release|Any CPU.Build.0 = Release|Any CPU
		{B2D5B368-1342-44B2-868D-AB7497DD118C}.Debug|Any CPU.ActiveCfg = Debug|Any CPU
		{B2D5B368-1342-44B2-868D-AB7497DD118C}.Debug|Any CPU.Build.0 = Debug|Any CPU
		{B2D5B368-1342-44B2-868D-AB7497DD118C}.Release|Any CPU.ActiveCfg = Release|Any CPU
		{B2D5B368-1342-44B2-868D-AB7497DD118C}.Release|Any CPU.Build.0 = Release|Any CPU
		{060AD104-0B17-4C82-9EBF-B143DD9DE25A}.Debug|Any CPU.ActiveCfg = Debug|Any CPU
		{060AD104-0B17-4C82-9EBF-B143DD9DE25A}.Debug|Any CPU.Build.0 = Debug|Any CPU
		{060AD104-0B17-4C82-9EBF-B143DD9DE25A}.Release|Any CPU.ActiveCfg = Release|Any CPU
		{060AD104-0B17-4C82-9EBF-B143DD9DE25A}.Release|Any CPU.Build.0 = Release|Any CPU
		{08512761-2B95-4CF5-8514-BB04162703EC}.Debug|Any CPU.ActiveCfg = Debug|Any CPU
		{08512761-2B95-4CF5-8514-BB04162703EC}.Debug|Any CPU.Build.0 = Debug|Any CPU
		{08512761-2B95-4CF5-8514-BB04162703EC}.Release|Any CPU.ActiveCfg = Release|Any CPU
		{08512761-2B95-4CF5-8514-BB04162703EC}.Release|Any CPU.Build.0 = Release|Any CPU
	EndGlobalSection
	GlobalSection(SolutionProperties) = preSolution
		HideSolutionNode = FALSE
	EndGlobalSection
	GlobalSection(NestedProjects) = preSolution
		{33424BDF-2444-446C-B414-A8A0C21D226C} = {BE0906B8-7A22-4561-977D-137F5EF3A999}
		{A59010EF-8C3E-4D3D-8DC9-4F9795C1302D} = {BE0906B8-7A22-4561-977D-137F5EF3A999}
		{5C49D37C-3963-4850-97E8-C7860908D58A} = {BE0906B8-7A22-4561-977D-137F5EF3A999}
		{CEED49F7-E107-40CE-90F9-749FAB949DFC} = {BE0906B8-7A22-4561-977D-137F5EF3A999}
		{094DC6C7-75E0-4A09-9DE5-E17D3EECED6B} = {BE0906B8-7A22-4561-977D-137F5EF3A999}
		{B2D5B368-1342-44B2-868D-AB7497DD118C} = {BE0906B8-7A22-4561-977D-137F5EF3A999}
		{060AD104-0B17-4C82-9EBF-B143DD9DE25A} = {BE0906B8-7A22-4561-977D-137F5EF3A999}
		{08512761-2B95-4CF5-8514-BB04162703EC} = {78689760-DA2E-4B58-82EE-CBA84A7FA2B0}
	EndGlobalSection
	GlobalSection(ExtensibilityGlobals) = postSolution
		SolutionGuid = {87909587-EF9A-437F-B661-05F7A416555C}
	EndGlobalSection
EndGlobal
